{
  "name": "mcp-demo",
  "version": "0.1.0",
  "lockfileVersion": 3,
  "requires": true,
  "packages": {
    "": {
      "name": "mcp-demo",
      "version": "0.1.0",
      "dependencies": {
        "mcp-js-server": "^0.1.3"
      },
      "bin": {
        "mcp-demo": "src/server.js"
      }
    },
    "node_modules/mcp-js-server": {
      "version": "0.1.3",
      "resolved": "https://registry.npmjs.org/mcp-js-server/-/mcp-js-server-0.1.3.tgz",
      "integrity": "sha512-ROlS4+0tws/MVi6rNCcLGLUQ/S5y8yBd2xQB+KcJLxVA4WZSb6ZCF/YUdjgS7V2xxdLoMIBGWONNvDbkJebRZw==",
      "license": "Apache-2.0"
    }
  }
}
